<Solution>
  <Project Path="ChaySocial.Web.Client/ChaySocial.Web.Client.csproj" />
  <Project Path="ChaySocial.Web/ChaySocial.Web.csproj" />
  <Project Path="ChaySocial/ChaySocial.csproj" />
  <Project Path="Generators/Generators.csproj" />
  <Project Path="MainProject/MainProject.csproj" />
</Solution>
